
Microsoft Visual Studio Solution File, Format Version 12.00
# Visual Studio Version 17
VisualStudioVersion = 17.10.35027.167
MinimumVisualStudioVersion = 10.0.40219.1
Project("{FAE04EC0-301F-11D3-BF4B-00C04F79EFBC}") = "HWConsoleApp1", "HWConsoleApp1\HWConsoleApp1.csproj", "{4AE7D6F1-4A48-4F7D-8792-00290890E3A3}"
EndProject
Global
	GlobalSection(SolutionConfigurationPlatforms) = preSolution
		Debug|Any CPU = Debug|Any CPU
		Release|Any CPU = Release|Any CPU
	EndGlobalSection
	GlobalSection(ProjectConfigurationPlatforms) = postSolution
		{4AE7D6F1-4A48-4F7D-8792-00290890E3A3}.Debug|Any CPU.ActiveCfg = Debug|Any CPU
		{4AE7D6F1-4A48-4F7D-8792-00290890E3A3}.Debug|Any CPU.Build.0 = Debug|Any CPU
		{4AE7D6F1-4A48-4F7D-8792-00290890E3A3}.Release|Any CPU.ActiveCfg = Release|Any CPU
		{4AE7D6F1-4A48-4F7D-8792-00290890E3A3}.Release|Any CPU.Build.0 = Release|Any CPU
	EndGlobalSection
	GlobalSection(SolutionProperties) = preSolution
		HideSolutionNode = FALSE
	EndGlobalSection
	GlobalSection(ExtensibilityGlobals) = postSolution
		SolutionGuid = {D2D994D0-9966-40E1-B35A-64E1829A0FF0}
	EndGlobalSection
EndGlobal
